
Microsoft Visual Studio Solution File, Format Version 12.00
# Visual Studio Version 16
VisualStudioVersion = 16.0.28803.352
MinimumVisualStudioVersion = 10.0.40219.1
Project("{FAE04EC0-301F-11D3-BF4B-00C04F79EFBC}") = "TypeSmash.Web", "TypeSmash.Web\TypeSmash.Web.csproj", "{12B0943B-85D2-47EA-B8B3-0F3E32D4074C}"
EndProject
Project("{FAE04EC0-301F-11D3-BF4B-00C04F79EFBC}") = "TypeSmash.ApplicationCore", "TypeSmash.ApplicationCore\TypeSmash.ApplicationCore.csproj", "{C0D8C6DF-128E-440F-B541-A654E7FF8815}"
EndProject
Project("{FAE04EC0-301F-11D3-BF4B-00C04F79EFBC}") = "TypeSmash.Infrastructure", "TypeSmash.Infrastructure\TypeSmash.Infrastructure.csproj", "{08928566-3834-48F4-ABA9-595F2ADF68F3}"
EndProject
Global
	GlobalSection(SolutionConfigurationPlatforms) = preSolution
		Debug|Any CPU = Debug|Any CPU
		Release|Any CPU = Release|Any CPU
	EndGlobalSection
	GlobalSection(ProjectConfigurationPlatforms) = postSolution
		{12B0943B-85D2-47EA-B8B3-0F3E32D4074C}.Debug|Any CPU.ActiveCfg = Debug|Any CPU
		{12B0943B-85D2-47EA-B8B3-0F3E32D4074C}.Debug|Any CPU.Build.0 = Debug|Any CPU
		{12B0943B-85D2-47EA-B8B3-0F3E32D4074C}.Release|Any CPU.ActiveCfg = Release|Any CPU
		{12B0943B-85D2-47EA-B8B3-0F3E32D4074C}.Release|Any CPU.Build.0 = Release|Any CPU
		{C0D8C6DF-128E-440F-B541-A654E7FF8815}.Debug|Any CPU.ActiveCfg = Debug|Any CPU
		{C0D8C6DF-128E-440F-B541-A654E7FF8815}.Debug|Any CPU.Build.0 = Debug|Any CPU
		{C0D8C6DF-128E-440F-B541-A654E7FF8815}.Release|Any CPU.ActiveCfg = Release|Any CPU
		{C0D8C6DF-128E-440F-B541-A654E7FF8815}.Release|Any CPU.Build.0 = Release|Any CPU
		{08928566-3834-48F4-ABA9-595F2ADF68F3}.Debug|Any CPU.ActiveCfg = Debug|Any CPU
		{08928566-3834-48F4-ABA9-595F2ADF68F3}.Debug|Any CPU.Build.0 = Debug|Any CPU
		{08928566-3834-48F4-ABA9-595F2ADF68F3}.Release|Any CPU.ActiveCfg = Release|Any CPU
		{08928566-3834-48F4-ABA9-595F2ADF68F3}.Release|Any CPU.Build.0 = Release|Any CPU
	EndGlobalSection
	GlobalSection(SolutionProperties) = preSolution
		HideSolutionNode = FALSE
	EndGlobalSection
	GlobalSection(ExtensibilityGlobals) = postSolution
		SolutionGuid = {21AC19D5-9804-44BB-97B6-0C5597DF0719}
	EndGlobalSection
EndGlobal
